{
  "name": "effect-sandbox",
  "version": "1.0.0",
  "lockfileVersion": 3,
  "requires": true,
  "packages": {
    "": {
      "name": "effect-sandbox",
      "version": "1.0.0",
      "license": "ISC",
      "dependencies": {
        "effect": "^2.4.7"
      }
    },
    "node_modules/effect": {
      "version": "2.4.7",
      "resolved": "https://registry.npmjs.org/effect/-/effect-2.4.7.tgz",
      "integrity": "sha512-4YOPi4r7nLFJAK1W/l7FM3fptZBtrJkqa5Rh2u7gkFCECn+RiwuQ8KYPm8sf4RFIp+fSQXGA87GIDtyxrz0mbA=="
    }
  }
}
